// !$*UTF8*$!
{
	archiveVersion = 1;
	classes = {
	};
	objectVersion = 56;
	objects = {

/* Begin PBXBuildFile section */
		E6A100332C17F73B006BCE1E /* dvc.store in Resources */ = {isa = PBXBuildFile; fileRef = E6A100322C17F73B006BCE1E /* dvc.store */; };
		E6A100362C17FFE1006BCE1E /* ResultsView.swift in Sources */ = {isa = PBXBuildFile; fileRef = E6A100352C17FFE1006BCE1E /* ResultsView.swift */; };
		E6A100382C180D0E006BCE1E /* CalculatedPointsForDayView.swift in Sources */ = {isa = PBXBuildFile; fileRef = E6A100372C180D0E006BCE1E /* CalculatedPointsForDayView.swift */; };
		E6A1003A2C1E91FE006BCE1E /* ViewTypePointsView.swift in Sources */ = {isa = PBXBuildFile; fileRef = E6A100392C1E91FE006BCE1E /* ViewTypePointsView.swift */; };
		E6AC8AF62C0EB6490052A91A /* dvc-old.store in Resources */ = {isa = PBXBuildFile; fileRef = E6AC8AF52C0EB6490052A91A /* dvc-old.store */; };
		E6AC8AF92C0EBDC00052A91A /* Resort.swift in Sources */ = {isa = PBXBuildFile; fileRef = E6AC8AF82C0EBDC00052A91A /* Resort.swift */; };
		E6AC8AFB2C0EBDFA0052A91A /* RoomType.swift in Sources */ = {isa = PBXBuildFile; fileRef = E6AC8AFA2C0EBDFA0052A91A /* RoomType.swift */; };
		E6AC8AFD2C0EBE170052A91A /* ViewType.swift in Sources */ = {isa = PBXBuildFile; fileRef = E6AC8AFC2C0EBE170052A91A /* ViewType.swift */; };
		E6AC8AFF2C0EBE2D0052A91A /* PointValue.swift in Sources */ = {isa = PBXBuildFile; fileRef = E6AC8AFE2C0EBE2D0052A91A /* PointValue.swift */; };
		E6AC8B012C0EC16D0052A91A /* CalculatorView.swift in Sources */ = {isa = PBXBuildFile; fileRef = E6AC8B002C0EC16D0052A91A /* CalculatorView.swift */; };
		E6AC8B032C0EC4BE0052A91A /* TripsView.swift in Sources */ = {isa = PBXBuildFile; fileRef = E6AC8B022C0EC4BE0052A91A /* TripsView.swift */; };
		E6AC8B062C0EC55B0052A91A /* ContractsView.swift in Sources */ = {isa = PBXBuildFile; fileRef = E6AC8B052C0EC55B0052A91A /* ContractsView.swift */; };
		E6AC8B092C0F504E0052A91A /* HorizonCalendar in Frameworks */ = {isa = PBXBuildFile; productRef = E6AC8B082C0F504E0052A91A /* HorizonCalendar */; };
		E6AC8B0B2C0FFF6D0052A91A /* CalendarView.swift in Sources */ = {isa = PBXBuildFile; fileRef = E6AC8B0A2C0FFF6D0052A91A /* CalendarView.swift */; };
		E6AC8B0D2C0FFFB60052A91A /* Date+Extension.swift in Sources */ = {isa = PBXBuildFile; fileRef = E6AC8B0C2C0FFFB60052A91A /* Date+Extension.swift */; };
		E6D8F60B2BF70063004C6916 /* dvc_calc_swiftuiApp.swift in Sources */ = {isa = PBXBuildFile; fileRef = E6D8F60A2BF70063004C6916 /* dvc_calc_swiftuiApp.swift */; };
		E6D8F60D2BF70063004C6916 /* ContentView.swift in Sources */ = {isa = PBXBuildFile; fileRef = E6D8F60C2BF70063004C6916 /* ContentView.swift */; };
		E6D8F60F2BF70067004C6916 /* Assets.xcassets in Resources */ = {isa = PBXBuildFile; fileRef = E6D8F60E2BF70067004C6916 /* Assets.xcassets */; };
		E6D8F6122BF70067004C6916 /* Preview Assets.xcassets in Resources */ = {isa = PBXBuildFile; fileRef = E6D8F6112BF70067004C6916 /* Preview Assets.xcassets */; };
/* End PBXBuildFile section */

/* Begin PBXFileReference section */
		E6A100322C17F73B006BCE1E /* dvc.store */ = {isa = PBXFileReference; lastKnownFileType = file; path = dvc.store; sourceTree = "<group>"; };
		E6A100352C17FFE1006BCE1E /* ResultsView.swift */ = {isa = PBXFileReference; lastKnownFileType = sourcecode.swift; path = ResultsView.swift; sourceTree = "<group>"; };
		E6A100372C180D0E006BCE1E /* CalculatedPointsForDayView.swift */ = {isa = PBXFileReference; lastKnownFileType = sourcecode.swift; path = CalculatedPointsForDayView.swift; sourceTree = "<group>"; };
		E6A100392C1E91FE006BCE1E /* ViewTypePointsView.swift */ = {isa = PBXFileReference; lastKnownFileType = sourcecode.swift; path = ViewTypePointsView.swift; sourceTree = "<group>"; };
		E6AC8AF52C0EB6490052A91A /* dvc-old.store */ = {isa = PBXFileReference; lastKnownFileType = file; path = "dvc-old.store"; sourceTree = "<group>"; };
		E6AC8AF82C0EBDC00052A91A /* Resort.swift */ = {isa = PBXFileReference; lastKnownFileType = sourcecode.swift; path = Resort.swift; sourceTree = "<group>"; };
		E6AC8AFA2C0EBDFA0052A91A /* RoomType.swift */ = {isa = PBXFileReference; lastKnownFileType = sourcecode.swift; path = RoomType.swift; sourceTree = "<group>"; };
		E6AC8AFC2C0EBE170052A91A /* ViewType.swift */ = {isa = PBXFileReference; lastKnownFileType = sourcecode.swift; path = ViewType.swift; sourceTree = "<group>"; };
		E6AC8AFE2C0EBE2D0052A91A /* PointValue.swift */ = {isa = PBXFileReference; lastKnownFileType = sourcecode.swift; path = PointValue.swift; sourceTree = "<group>"; };
		E6AC8B002C0EC16D0052A91A /* CalculatorView.swift */ = {isa = PBXFileReference; lastKnownFileType = sourcecode.swift; path = CalculatorView.swift; sourceTree = "<group>"; };
		E6AC8B022C0EC4BE0052A91A /* TripsView.swift */ = {isa = PBXFileReference; lastKnownFileType = sourcecode.swift; path = TripsView.swift; sourceTree = "<group>"; };
		E6AC8B052C0EC55B0052A91A /* ContractsView.swift */ = {isa = PBXFileReference; lastKnownFileType = sourcecode.swift; path = ContractsView.swift; sourceTree = "<group>"; };
		E6AC8B0A2C0FFF6D0052A91A /* CalendarView.swift */ = {isa = PBXFileReference; lastKnownFileType = sourcecode.swift; path = CalendarView.swift; sourceTree = "<group>"; };
		E6AC8B0C2C0FFFB60052A91A /* Date+Extension.swift */ = {isa = PBXFileReference; lastKnownFileType = sourcecode.swift; path = "Date+Extension.swift"; sourceTree = "<group>"; };
		E6D8F6072BF70063004C6916 /* dvc-calc-swiftui.app */ = {isa = PBXFileReference; explicitFileType = wrapper.application; includeInIndex = 0; path = "dvc-calc-swiftui.app"; sourceTree = BUILT_PRODUCTS_DIR; };
		E6D8F60A2BF70063004C6916 /* dvc_calc_swiftuiApp.swift */ = {isa = PBXFileReference; lastKnownFileType = sourcecode.swift; path = dvc_calc_swiftuiApp.swift; sourceTree = "<group>"; };
		E6D8F60C2BF70063004C6916 /* ContentView.swift */ = {isa = PBXFileReference; lastKnownFileType = sourcecode.swift; path = ContentView.swift; sourceTree = "<group>"; };
		E6D8F60E2BF70067004C6916 /* Assets.xcassets */ = {isa = PBXFileReference; lastKnownFileType = folder.assetcatalog; path = Assets.xcassets; sourceTree = "<group>"; };
		E6D8F6112BF70067004C6916 /* Preview Assets.xcassets */ = {isa = PBXFileReference; lastKnownFileType = folder.assetcatalog; path = "Preview Assets.xcassets"; sourceTree = "<group>"; };
/* End PBXFileReference section */

/* Begin PBXFrameworksBuildPhase section */
		E6D8F6042BF70063004C6916 /* Frameworks */ = {
			isa = PBXFrameworksBuildPhase;
			buildActionMask = 2147483647;
			files = (
				E6AC8B092C0F504E0052A91A /* HorizonCalendar in Frameworks */,
			);
			runOnlyForDeploymentPostprocessing = 0;
		};
/* End PBXFrameworksBuildPhase section */

/* Begin PBXGroup section */
		E6A100342C17FFBA006BCE1E /* CalculatorViews */ = {
			isa = PBXGroup;
			children = (
				E6AC8B0A2C0FFF6D0052A91A /* CalendarView.swift */,
				E6AC8B002C0EC16D0052A91A /* CalculatorView.swift */,
				E6A100352C17FFE1006BCE1E /* ResultsView.swift */,
				E6A100372C180D0E006BCE1E /* CalculatedPointsForDayView.swift */,
				E6A100392C1E91FE006BCE1E /* ViewTypePointsView.swift */,
			);
			path = CalculatorViews;
			sourceTree = "<group>";
		};
		E6AC8AF72C0EBDA70052A91A /* Models */ = {
			isa = PBXGroup;
			children = (
				E6AC8AF82C0EBDC00052A91A /* Resort.swift */,
				E6AC8AFA2C0EBDFA0052A91A /* RoomType.swift */,
				E6AC8AFC2C0EBE170052A91A /* ViewType.swift */,
				E6AC8AFE2C0EBE2D0052A91A /* PointValue.swift */,
			);
			path = Models;
			sourceTree = "<group>";
		};
		E6AC8B042C0EC4CA0052A91A /* Views */ = {
			isa = PBXGroup;
			children = (
				E6A100342C17FFBA006BCE1E /* CalculatorViews */,
				E6D8F60C2BF70063004C6916 /* ContentView.swift */,
				E6AC8B022C0EC4BE0052A91A /* TripsView.swift */,
				E6AC8B052C0EC55B0052A91A /* ContractsView.swift */,
			);
			path = Views;
			sourceTree = "<group>";
		};
		E6D8F5FE2BF70063004C6916 = {
			isa = PBXGroup;
			children = (
				E6D8F6092BF70063004C6916 /* dvc-calc-swiftui */,
				E6D8F6082BF70063004C6916 /* Products */,
			);
			sourceTree = "<group>";
		};
		E6D8F6082BF70063004C6916 /* Products */ = {
			isa = PBXGroup;
			children = (
				E6D8F6072BF70063004C6916 /* dvc-calc-swiftui.app */,
			);
			name = Products;
			sourceTree = "<group>";
		};
		E6D8F6092BF70063004C6916 /* dvc-calc-swiftui */ = {
			isa = PBXGroup;
			children = (
				E6AC8B042C0EC4CA0052A91A /* Views */,
				E6AC8AF72C0EBDA70052A91A /* Models */,
				E6AC8AF52C0EB6490052A91A /* dvc-old.store */,
				E6A100322C17F73B006BCE1E /* dvc.store */,
				E6D8F60A2BF70063004C6916 /* dvc_calc_swiftuiApp.swift */,
				E6D8F60E2BF70067004C6916 /* Assets.xcassets */,
				E6D8F6102BF70067004C6916 /* Preview Content */,
				E6AC8B0C2C0FFFB60052A91A /* Date+Extension.swift */,
			);
			path = "dvc-calc-swiftui";
			sourceTree = "<group>";
		};
		E6D8F6102BF70067004C6916 /* Preview Content */ = {
			isa = PBXGroup;
			children = (
				E6D8F6112BF70067004C6916 /* Preview Assets.xcassets */,
			);
			path = "Preview Content";
			sourceTree = "<group>";
		};
/* End PBXGroup section */

/* Begin PBXNativeTarget section */
		E6D8F6062BF70063004C6916 /* dvc-calc-swiftui */ = {
			isa = PBXNativeTarget;
			buildConfigurationList = E6D8F6152BF70067004C6916 /* Build configuration list for PBXNativeTarget "dvc-calc-swiftui" */;
			buildPhases = (
				E6D8F6032BF70063004C6916 /* Sources */,
				E6D8F6042BF70063004C6916 /* Frameworks */,
				E6D8F6052BF70063004C6916 /* Resources */,
			);
			buildRules = (
			);
			dependencies = (
			);
			name = "dvc-calc-swiftui";
			packageProductDependencies = (
				E6AC8B082C0F504E0052A91A /* HorizonCalendar */,
			);
			productName = "dvc-calc-swiftui";
			productReference = E6D8F6072BF70063004C6916 /* dvc-calc-swiftui.app */;
			productType = "com.apple.product-type.application";
		};
/* End PBXNativeTarget section */

/* Begin PBXProject section */
		E6D8F5FF2BF70063004C6916 /* Project object */ = {
			isa = PBXProject;
			attributes = {
				BuildIndependentTargetsInParallel = 1;
				LastSwiftUpdateCheck = 1500;
				LastUpgradeCheck = 1500;
				TargetAttributes = {
					E6D8F6062BF70063004C6916 = {
						CreatedOnToolsVersion = 15.0.1;
					};
				};
			};
			buildConfigurationList = E6D8F6022BF70063004C6916 /* Build configuration list for PBXProject "dvc-calc-swiftui" */;
			compatibilityVersion = "Xcode 14.0";
			developmentRegion = en;
			hasScannedForEncodings = 0;
			knownRegions = (
				en,
				Base,
			);
			mainGroup = E6D8F5FE2BF70063004C6916;
			packageReferences = (
				E6AC8B072C0F504E0052A91A /* XCRemoteSwiftPackageReference "HorizonCalendar" */,
			);
			productRefGroup = E6D8F6082BF70063004C6916 /* Products */;
			projectDirPath = "";
			projectRoot = "";
			targets = (
				E6D8F6062BF70063004C6916 /* dvc-calc-swiftui */,
			);
		};
/* End PBXProject section */

/* Begin PBXResourcesBuildPhase section */
		E6D8F6052BF70063004C6916 /* Resources */ = {
			isa = PBXResourcesBuildPhase;
			buildActionMask = 2147483647;
			files = (
				E6D8F6122BF70067004C6916 /* Preview Assets.xcassets in Resources */,
				E6A100332C17F73B006BCE1E /* dvc.store in Resources */,
				E6AC8AF62C0EB6490052A91A /* dvc-old.store in Resources */,
				E6D8F60F2BF70067004C6916 /* Assets.xcassets in Resources */,
			);
			runOnlyForDeploymentPostprocessing = 0;
		};
/* End PBXResourcesBuildPhase section */

/* Begin PBXSourcesBuildPhase section */
		E6D8F6032BF70063004C6916 /* Sources */ = {
			isa = PBXSourcesBuildPhase;
			buildActionMask = 2147483647;
			files = (
				E6AC8B0B2C0FFF6D0052A91A /* CalendarView.swift in Sources */,
				E6A100362C17FFE1006BCE1E /* ResultsView.swift in Sources */,
				E6A100382C180D0E006BCE1E /* CalculatedPointsForDayView.swift in Sources */,
				E6AC8B0D2C0FFFB60052A91A /* Date+Extension.swift in Sources */,
				E6A1003A2C1E91FE006BCE1E /* ViewTypePointsView.swift in Sources */,
				E6AC8AFB2C0EBDFA0052A91A /* RoomType.swift in Sources */,
				E6AC8B012C0EC16D0052A91A /* CalculatorView.swift in Sources */,
				E6AC8B062C0EC55B0052A91A /* ContractsView.swift in Sources */,
				E6D8F60D2BF70063004C6916 /* ContentView.swift in Sources */,
				E6AC8AFD2C0EBE170052A91A /* ViewType.swift in Sources */,
				E6AC8AF92C0EBDC00052A91A /* Resort.swift in Sources */,
				E6AC8AFF2C0EBE2D0052A91A /* PointValue.swift in Sources */,
				E6D8F60B2BF70063004C6916 /* dvc_calc_swiftuiApp.swift in Sources */,
				E6AC8B032C0EC4BE0052A91A /* TripsView.swift in Sources */,
			);
			runOnlyForDeploymentPostprocessing = 0;
		};
/* End PBXSourcesBuildPhase section */

/* Begin XCBuildConfiguration section */
		E6D8F6132BF70067004C6916 /* Debug */ = {
			isa = XCBuildConfiguration;
			buildSettings = {
				ALWAYS_SEARCH_USER_PATHS = NO;
				ASSETCATALOG_COMPILER_GENERATE_SWIFT_ASSET_SYMBOL_EXTENSIONS = YES;
				CLANG_ANALYZER_NONNULL = YES;
				CLANG_ANALYZER_NUMBER_OBJECT_CONVERSION = YES_AGGRESSIVE;
				CLANG_CXX_LANGUAGE_STANDARD = "gnu++20";
				CLANG_ENABLE_MODULES = YES;
				CLANG_ENABLE_OBJC_ARC = YES;
				CLANG_ENABLE_OBJC_WEAK = YES;
				CLANG_WARN_BLOCK_CAPTURE_AUTORELEASING = YES;
				CLANG_WARN_BOOL_CONVERSION = YES;
				CLANG_WARN_COMMA = YES;
				CLANG_WARN_CONSTANT_CONVERSION = YES;
				CLANG_WARN_DEPRECATED_OBJC_IMPLEMENTATIONS = YES;
				CLANG_WARN_DIRECT_OBJC_ISA_USAGE = YES_ERROR;
				CLANG_WARN_DOCUMENTATION_COMMENTS = YES;
				CLANG_WARN_EMPTY_BODY = YES;
				CLANG_WARN_ENUM_CONVERSION = YES;
				CLANG_WARN_INFINITE_RECURSION = YES;
				CLANG_WARN_INT_CONVERSION = YES;
				CLANG_WARN_NON_LITERAL_NULL_CONVERSION = YES;
				CLANG_WARN_OBJC_IMPLICIT_RETAIN_SELF = YES;
				CLANG_WARN_OBJC_LITERAL_CONVERSION = YES;
				CLANG_WARN_OBJC_ROOT_CLASS = YES_ERROR;
				CLANG_WARN_QUOTED_INCLUDE_IN_FRAMEWORK_HEADER = YES;
				CLANG_WARN_RANGE_LOOP_ANALYSIS = YES;
				CLANG_WARN_STRICT_PROTOTYPES = YES;
				CLANG_WARN_SUSPICIOUS_MOVE = YES;
				CLANG_WARN_UNGUARDED_AVAILABILITY = YES_AGGRESSIVE;
				CLANG_WARN_UNREACHABLE_CODE = YES;
				CLANG_WARN__DUPLICATE_METHOD_MATCH = YES;
				COPY_PHASE_STRIP = NO;
				DEBUG_INFORMATION_FORMAT = dwarf;
				ENABLE_STRICT_OBJC_MSGSEND = YES;
				ENABLE_TESTABILITY = YES;
				ENABLE_USER_SCRIPT_SANDBOXING = YES;
				GCC_C_LANGUAGE_STANDARD = gnu17;
				GCC_DYNAMIC_NO_PIC = NO;
				GCC_NO_COMMON_BLOCKS = YES;
				GCC_OPTIMIZATION_LEVEL = 0;
				GCC_PREPROCESSOR_DEFINITIONS = (
					"DEBUG=1",
					"$(inherited)",
				);
				GCC_WARN_64_TO_32_BIT_CONVERSION = YES;
				GCC_WARN_ABOUT_RETURN_TYPE = YES_ERROR;
				GCC_WARN_UNDECLARED_SELECTOR = YES;
				GCC_WARN_UNINITIALIZED_AUTOS = YES_AGGRESSIVE;
				GCC_WARN_UNUSED_FUNCTION = YES;
				GCC_WARN_UNUSED_VARIABLE = YES;
				IPHONEOS_DEPLOYMENT_TARGET = 17.0;
				LOCALIZATION_PREFERS_STRING_CATALOGS = YES;
				MTL_ENABLE_DEBUG_INFO = INCLUDE_SOURCE;
				MTL_FAST_MATH = YES;
				ONLY_ACTIVE_ARCH = YES;
				SDKROOT = iphoneos;
				SWIFT_ACTIVE_COMPILATION_CONDITIONS = "DEBUG $(inherited)";
				SWIFT_OPTIMIZATION_LEVEL = "-Onone";
			};
			name = Debug;
		};
		E6D8F6142BF70067004C6916 /* Release */ = {
			isa = XCBuildConfiguration;
			buildSettings = {
				ALWAYS_SEARCH_USER_PATHS = NO;
				ASSETCATALOG_COMPILER_GENERATE_SWIFT_ASSET_SYMBOL_EXTENSIONS = YES;
				CLANG_ANALYZER_NONNULL = YES;
				CLANG_ANALYZER_NUMBER_OBJECT_CONVERSION = YES_AGGRESSIVE;
				CLANG_CXX_LANGUAGE_STANDARD = "gnu++20";
				CLANG_ENABLE_MODULES = YES;
				CLANG_ENABLE_OBJC_ARC = YES;
				CLANG_ENABLE_OBJC_WEAK = YES;
				CLANG_WARN_BLOCK_CAPTURE_AUTORELEASING = YES;
				CLANG_WARN_BOOL_CONVERSION = YES;
				CLANG_WARN_COMMA = YES;
				CLANG_WARN_CONSTANT_CONVERSION = YES;
				CLANG_WARN_DEPRECATED_OBJC_IMPLEMENTATIONS = YES;
				CLANG_WARN_DIRECT_OBJC_ISA_USAGE = YES_ERROR;
				CLANG_WARN_DOCUMENTATION_COMMENTS = YES;
				CLANG_WARN_EMPTY_BODY = YES;
				CLANG_WARN_ENUM_CONVERSION = YES;
				CLANG_WARN_INFINITE_RECURSION = YES;
				CLANG_WARN_INT_CONVERSION = YES;
				CLANG_WARN_NON_LITERAL_NULL_CONVERSION = YES;
				CLANG_WARN_OBJC_IMPLICIT_RETAIN_SELF = YES;
				CLANG_WARN_OBJC_LITERAL_CONVERSION = YES;
				CLANG_WARN_OBJC_ROOT_CLASS = YES_ERROR;
				CLANG_WARN_QUOTED_INCLUDE_IN_FRAMEWORK_HEADER = YES;
				CLANG_WARN_RANGE_LOOP_ANALYSIS = YES;
				CLANG_WARN_STRICT_PROTOTYPES = YES;
				CLANG_WARN_SUSPICIOUS_MOVE = YES;
				CLANG_WARN_UNGUARDED_AVAILABILITY = YES_AGGRESSIVE;
				CLANG_WARN_UNREACHABLE_CODE = YES;
				CLANG_WARN__DUPLICATE_METHOD_MATCH = YES;
				COPY_PHASE_STRIP = NO;
				DEBUG_INFORMATION_FORMAT = "dwarf-with-dsym";
				ENABLE_NS_ASSERTIONS = NO;
				ENABLE_STRICT_OBJC_MSGSEND = YES;
				ENABLE_USER_SCRIPT_SANDBOXING = YES;
				GCC_C_LANGUAGE_STANDARD = gnu17;
				GCC_NO_COMMON_BLOCKS = YES;
				GCC_WARN_64_TO_32_BIT_CONVERSION = YES;
				GCC_WARN_ABOUT_RETURN_TYPE = YES_ERROR;
				GCC_WARN_UNDECLARED_SELECTOR = YES;
				GCC_WARN_UNINITIALIZED_AUTOS = YES_AGGRESSIVE;
				GCC_WARN_UNUSED_FUNCTION = YES;
				GCC_WARN_UNUSED_VARIABLE = YES;
				IPHONEOS_DEPLOYMENT_TARGET = 17.0;
				LOCALIZATION_PREFERS_STRING_CATALOGS = YES;
				MTL_ENABLE_DEBUG_INFO = NO;
				MTL_FAST_MATH = YES;
				SDKROOT = iphoneos;
				SWIFT_COMPILATION_MODE = wholemodule;
				VALIDATE_PRODUCT = YES;
			};
			name = Release;
		};
		E6D8F6162BF70067004C6916 /* Debug */ = {
			isa = XCBuildConfiguration;
			buildSettings = {
				ASSETCATALOG_COMPILER_APPICON_NAME = AppIcon;
				ASSETCATALOG_COMPILER_GLOBAL_ACCENT_COLOR_NAME = AccentColor;
				CODE_SIGN_STYLE = Automatic;
				CURRENT_PROJECT_VERSION = 1;
				DEVELOPMENT_ASSET_PATHS = "\"dvc-calc-swiftui/Preview Content\"";
				DEVELOPMENT_TEAM = YB46Q2GKPA;
				ENABLE_PREVIEWS = YES;
				GENERATE_INFOPLIST_FILE = YES;
				INFOPLIST_KEY_UIApplicationSceneManifest_Generation = YES;
				INFOPLIST_KEY_UIApplicationSupportsIndirectInputEvents = YES;
				INFOPLIST_KEY_UILaunchScreen_Generation = YES;
				INFOPLIST_KEY_UISupportedInterfaceOrientations_iPad = "UIInterfaceOrientationPortrait UIInterfaceOrientationPortraitUpsideDown UIInterfaceOrientationLandscapeLeft UIInterfaceOrientationLandscapeRight";
				INFOPLIST_KEY_UISupportedInterfaceOrientations_iPhone = "UIInterfaceOrientationPortrait UIInterfaceOrientationLandscapeLeft UIInterfaceOrientationLandscapeRight";
				LD_RUNPATH_SEARCH_PATHS = (
					"$(inherited)",
					"@executable_path/Frameworks",
				);
				MARKETING_VERSION = 1.0;
				PRODUCT_BUNDLE_IDENTIFIER = "com.tucker-dev.dvc-calc-swiftui";
				PRODUCT_NAME = "$(TARGET_NAME)";
				SWIFT_EMIT_LOC_STRINGS = YES;
				SWIFT_VERSION = 5.0;
				TARGETED_DEVICE_FAMILY = "1,2";
			};
			name = Debug;
		};
		E6D8F6172BF70067004C6916 /* Release */ = {
			isa = XCBuildConfiguration;
			buildSettings = {
				ASSETCATALOG_COMPILER_APPICON_NAME = AppIcon;
				ASSETCATALOG_COMPILER_GLOBAL_ACCENT_COLOR_NAME = AccentColor;
				CODE_SIGN_STYLE = Automatic;
				CURRENT_PROJECT_VERSION = 1;
				DEVELOPMENT_ASSET_PATHS = "\"dvc-calc-swiftui/Preview Content\"";
				DEVELOPMENT_TEAM = YB46Q2GKPA;
				ENABLE_PREVIEWS = YES;
				GENERATE_INFOPLIST_FILE = YES;
				INFOPLIST_KEY_UIApplicationSceneManifest_Generation = YES;
				INFOPLIST_KEY_UIApplicationSupportsIndirectInputEvents = YES;
				INFOPLIST_KEY_UILaunchScreen_Generation = YES;
				INFOPLIST_KEY_UISupportedInterfaceOrientations_iPad = "UIInterfaceOrientationPortrait UIInterfaceOrientationPortraitUpsideDown UIInterfaceOrientationLandscapeLeft UIInterfaceOrientationLandscapeRight";
				INFOPLIST_KEY_UISupportedInterfaceOrientations_iPhone = "UIInterfaceOrientationPortrait UIInterfaceOrientationLandscapeLeft UIInterfaceOrientationLandscapeRight";
				LD_RUNPATH_SEARCH_PATHS = (
					"$(inherited)",
					"@executable_path/Frameworks",
				);
				MARKETING_VERSION = 1.0;
				PRODUCT_BUNDLE_IDENTIFIER = "com.tucker-dev.dvc-calc-swiftui";
				PRODUCT_NAME = "$(TARGET_NAME)";
				SWIFT_EMIT_LOC_STRINGS = YES;
				SWIFT_VERSION = 5.0;
				TARGETED_DEVICE_FAMILY = "1,2";
			};
			name = Release;
		};
/* End XCBuildConfiguration section */

/* Begin XCConfigurationList section */
		E6D8F6022BF70063004C6916 /* Build configuration list for PBXProject "dvc-calc-swiftui" */ = {
			isa = XCConfigurationList;
			buildConfigurations = (
				E6D8F6132BF70067004C6916 /* Debug */,
				E6D8F6142BF70067004C6916 /* Release */,
			);
			defaultConfigurationIsVisible = 0;
			defaultConfigurationName = Release;
		};
		E6D8F6152BF70067004C6916 /* Build configuration list for PBXNativeTarget "dvc-calc-swiftui" */ = {
			isa = XCConfigurationList;
			buildConfigurations = (
				E6D8F6162BF70067004C6916 /* Debug */,
				E6D8F6172BF70067004C6916 /* Release */,
			);
			defaultConfigurationIsVisible = 0;
			defaultConfigurationName = Release;
		};
/* End XCConfigurationList section */

/* Begin XCRemoteSwiftPackageReference section */
		E6AC8B072C0F504E0052A91A /* XCRemoteSwiftPackageReference "HorizonCalendar" */ = {
			isa = XCRemoteSwiftPackageReference;
			repositoryURL = "https://github.com/airbnb/HorizonCalendar.git";
			requirement = {
				branch = master;
				kind = branch;
			};
		};
/* End XCRemoteSwiftPackageReference section */

/* Begin XCSwiftPackageProductDependency section */
		E6AC8B082C0F504E0052A91A /* HorizonCalendar */ = {
			isa = XCSwiftPackageProductDependency;
			package = E6AC8B072C0F504E0052A91A /* XCRemoteSwiftPackageReference "HorizonCalendar" */;
			productName = HorizonCalendar;
		};
/* End XCSwiftPackageProductDependency section */
	};
	rootObject = E6D8F5FF2BF70063004C6916 /* Project object */;
}
